
Microsoft Visual Studio Solution File, Format Version 12.00
Project("{FAE04EC0-301F-11D3-BF4B-00C04F79EFBC}") = "ProductsApi.Web", "ProductsApi.Web\ProductsApi.Web.csproj", "{529176B5-F038-4745-A9B8-E87E9D226F6C}"
EndProject
Project("{FAE04EC0-301F-11D3-BF4B-00C04F79EFBC}") = "ProductsApi.Domain", "ProductsApi.Domain\ProductsApi.Domain.csproj", "{F36F4F4D-A7DE-474B-9EB4-229019D77A87}"
EndProject
Project("{FAE04EC0-301F-11D3-BF4B-00C04F79EFBC}") = "ProductsApi.Persistence", "ProductsApi.Persistence\ProductsApi.Persistence.csproj", "{6BB0E02B-3C1A-435D-9C74-D23E177E35AC}"
EndProject
Project("{FAE04EC0-301F-11D3-BF4B-00C04F79EFBC}") = "ProductsApi.Application", "ProductsApi.Application\ProductsApi.Application.csproj", "{DE752C50-B088-4FA1-9852-A839F798A654}"
EndProject
Project("{FAE04EC0-301F-11D3-BF4B-00C04F79EFBC}") = "ProductsApi.UnitTests", "ProductsApi.UnitTests\ProductsApi.UnitTests.csproj", "{CE11087F-F7B9-491A-8690-E1BC56870D03}"
EndProject
Global
	GlobalSection(SolutionConfigurationPlatforms) = preSolution
		Debug|Any CPU = Debug|Any CPU
		Release|Any CPU = Release|Any CPU
	EndGlobalSection
	GlobalSection(ProjectConfigurationPlatforms) = postSolution
		{529176B5-F038-4745-A9B8-E87E9D226F6C}.Debug|Any CPU.ActiveCfg = Debug|Any CPU
		{529176B5-F038-4745-A9B8-E87E9D226F6C}.Debug|Any CPU.Build.0 = Debug|Any CPU
		{529176B5-F038-4745-A9B8-E87E9D226F6C}.Release|Any CPU.ActiveCfg = Release|Any CPU
		{529176B5-F038-4745-A9B8-E87E9D226F6C}.Release|Any CPU.Build.0 = Release|Any CPU
		{B029688A-F102-4F58-BBFB-CA23BAEC2EEF}.Debug|Any CPU.ActiveCfg = Debug|Any CPU
		{B029688A-F102-4F58-BBFB-CA23BAEC2EEF}.Debug|Any CPU.Build.0 = Debug|Any CPU
		{B029688A-F102-4F58-BBFB-CA23BAEC2EEF}.Release|Any CPU.ActiveCfg = Release|Any CPU
		{B029688A-F102-4F58-BBFB-CA23BAEC2EEF}.Release|Any CPU.Build.0 = Release|Any CPU
		{F36F4F4D-A7DE-474B-9EB4-229019D77A87}.Debug|Any CPU.ActiveCfg = Debug|Any CPU
		{F36F4F4D-A7DE-474B-9EB4-229019D77A87}.Debug|Any CPU.Build.0 = Debug|Any CPU
		{F36F4F4D-A7DE-474B-9EB4-229019D77A87}.Release|Any CPU.ActiveCfg = Release|Any CPU
		{F36F4F4D-A7DE-474B-9EB4-229019D77A87}.Release|Any CPU.Build.0 = Release|Any CPU
		{6BB0E02B-3C1A-435D-9C74-D23E177E35AC}.Debug|Any CPU.ActiveCfg = Debug|Any CPU
		{6BB0E02B-3C1A-435D-9C74-D23E177E35AC}.Debug|Any CPU.Build.0 = Debug|Any CPU
		{6BB0E02B-3C1A-435D-9C74-D23E177E35AC}.Release|Any CPU.ActiveCfg = Release|Any CPU
		{6BB0E02B-3C1A-435D-9C74-D23E177E35AC}.Release|Any CPU.Build.0 = Release|Any CPU
		{DE752C50-B088-4FA1-9852-A839F798A654}.Debug|Any CPU.ActiveCfg = Debug|Any CPU
		{DE752C50-B088-4FA1-9852-A839F798A654}.Debug|Any CPU.Build.0 = Debug|Any CPU
		{DE752C50-B088-4FA1-9852-A839F798A654}.Release|Any CPU.ActiveCfg = Release|Any CPU
		{DE752C50-B088-4FA1-9852-A839F798A654}.Release|Any CPU.Build.0 = Release|Any CPU
		{CE11087F-F7B9-491A-8690-E1BC56870D03}.Debug|Any CPU.ActiveCfg = Debug|Any CPU
		{CE11087F-F7B9-491A-8690-E1BC56870D03}.Debug|Any CPU.Build.0 = Debug|Any CPU
		{CE11087F-F7B9-491A-8690-E1BC56870D03}.Release|Any CPU.ActiveCfg = Release|Any CPU
		{CE11087F-F7B9-491A-8690-E1BC56870D03}.Release|Any CPU.Build.0 = Release|Any CPU
	EndGlobalSection
EndGlobal
